
Microsoft Visual Studio Solution File, Format Version 12.00
# Visual Studio 15
VisualStudioVersion = 15.0.28307.421
MinimumVisualStudioVersion = 10.0.40219.1
Project("{FAE04EC0-301F-11D3-BF4B-00C04F79EFBC}") = "supermarket", "BankingSystem\supermarket.csproj", "{5DDD2D19-5B72-4F3A-841E-E531DDF23F33}"
EndProject
Project("{FAE04EC0-301F-11D3-BF4B-00C04F79EFBC}") = "supermarketwebapi", "BankingSystemWebApi\supermarketwebapi.csproj", "{65F10A02-342A-46F9-A9B3-B001573AABDF}"
EndProject
Global
	GlobalSection(SolutionConfigurationPlatforms) = preSolution
		Debug|Any CPU = Debug|Any CPU
		Release|Any CPU = Release|Any CPU
	EndGlobalSection
	GlobalSection(ProjectConfigurationPlatforms) = postSolution
		{5DDD2D19-5B72-4F3A-841E-E531DDF23F33}.Debug|Any CPU.ActiveCfg = Debug|Any CPU
		{5DDD2D19-5B72-4F3A-841E-E531DDF23F33}.Debug|Any CPU.Build.0 = Debug|Any CPU
		{5DDD2D19-5B72-4F3A-841E-E531DDF23F33}.Release|Any CPU.ActiveCfg = Release|Any CPU
		{5DDD2D19-5B72-4F3A-841E-E531DDF23F33}.Release|Any CPU.Build.0 = Release|Any CPU
		{65F10A02-342A-46F9-A9B3-B001573AABDF}.Debug|Any CPU.ActiveCfg = Debug|Any CPU
		{65F10A02-342A-46F9-A9B3-B001573AABDF}.Debug|Any CPU.Build.0 = Debug|Any CPU
		{65F10A02-342A-46F9-A9B3-B001573AABDF}.Release|Any CPU.ActiveCfg = Release|Any CPU
		{65F10A02-342A-46F9-A9B3-B001573AABDF}.Release|Any CPU.Build.0 = Release|Any CPU
	EndGlobalSection
	GlobalSection(SolutionProperties) = preSolution
		HideSolutionNode = FALSE
	EndGlobalSection
	GlobalSection(ExtensibilityGlobals) = postSolution
		SolutionGuid = {44FFE521-B5A1-4EFE-84CF-1D22CB37435C}
	EndGlobalSection
EndGlobal
